// !$*UTF8*$!
{
	archiveVersion = 1;
	classes = {
	};
	objectVersion = 56;
	objects = {

/* Begin PBXBuildFile section */
		BD0CAD9228E1CF81007D2EF7 /* UIColor+JustThree.swift in Sources */ = {isa = PBXBuildFile; fileRef = BD0CAD9128E1CF81007D2EF7 /* UIColor+JustThree.swift */; };
		BD0CAD9428E1D0FC007D2EF7 /* ReminderListViewController+DataSource.swift in Sources */ = {isa = PBXBuildFile; fileRef = BD0CAD9328E1D0FC007D2EF7 /* ReminderListViewController+DataSource.swift */; };
		BD0CAD9728E1DA65007D2EF7 /* ReminderDoneButton.swift in Sources */ = {isa = PBXBuildFile; fileRef = BD0CAD9628E1DA65007D2EF7 /* ReminderDoneButton.swift */; };
		BD0CAD9928E1DAC7007D2EF7 /* ReminderListViewController+Actions.swift in Sources */ = {isa = PBXBuildFile; fileRef = BD0CAD9828E1DAC7007D2EF7 /* ReminderListViewController+Actions.swift */; };
		BD0CAD9D28E1E2A2007D2EF7 /* ReminderViewController.swift in Sources */ = {isa = PBXBuildFile; fileRef = BD0CAD9C28E1E2A2007D2EF7 /* ReminderViewController.swift */; };
		BD0CAD9F28E1E3C6007D2EF7 /* ReminderViewController+Row.swift in Sources */ = {isa = PBXBuildFile; fileRef = BD0CAD9E28E1E3C6007D2EF7 /* ReminderViewController+Row.swift */; };
		BD0CADA128E231D6007D2EF7 /* ReminderViewController+Section.swift in Sources */ = {isa = PBXBuildFile; fileRef = BD0CADA028E231D6007D2EF7 /* ReminderViewController+Section.swift */; };
		BD0CADA328E23BD7007D2EF7 /* ReminderViewController+CellConfiguration.swift in Sources */ = {isa = PBXBuildFile; fileRef = BD0CADA228E23BD7007D2EF7 /* ReminderViewController+CellConfiguration.swift */; };
		BD0CADA628E23DF7007D2EF7 /* UIView+PinnedSubview.swift in Sources */ = {isa = PBXBuildFile; fileRef = BD0CADA528E23DF7007D2EF7 /* UIView+PinnedSubview.swift */; };
		BD0CADAA28E23FE1007D2EF7 /* TextFieldContentView.swift in Sources */ = {isa = PBXBuildFile; fileRef = BD0CADA928E23FE1007D2EF7 /* TextFieldContentView.swift */; };
		BD0CADAC28E240A2007D2EF7 /* UIContentConfiguration+Stateless.swift in Sources */ = {isa = PBXBuildFile; fileRef = BD0CADAB28E240A2007D2EF7 /* UIContentConfiguration+Stateless.swift */; };
		BD0CADAE28E380AC007D2EF7 /* TextViewContentView.swift in Sources */ = {isa = PBXBuildFile; fileRef = BD0CADAD28E380AC007D2EF7 /* TextViewContentView.swift */; };
		BD0CADB028E38591007D2EF7 /* DatePickerContentView.swift in Sources */ = {isa = PBXBuildFile; fileRef = BD0CADAF28E38591007D2EF7 /* DatePickerContentView.swift */; };
		BD559CB628DF624500625B82 /* Date+TextFormat.swift in Sources */ = {isa = PBXBuildFile; fileRef = BD559CB528DF624500625B82 /* Date+TextFormat.swift */; };
		BD8DBE3528E4EBCD00718F85 /* ReminderViewController+DataSource.swift in Sources */ = {isa = PBXBuildFile; fileRef = BD8DBE3428E4EBCC00718F85 /* ReminderViewController+DataSource.swift */; };
		BD8DBE3728E5E6C400718F85 /* ReminderListStyle.swift in Sources */ = {isa = PBXBuildFile; fileRef = BD8DBE3628E5E6C400718F85 /* ReminderListStyle.swift */; };
		BD8DBE3928E617C200718F85 /* ProgressHeaderView.swift in Sources */ = {isa = PBXBuildFile; fileRef = BD8DBE3828E617C200718F85 /* ProgressHeaderView.swift */; };
		BD9EC94E28DE478300B803D7 /* AppDelegate.swift in Sources */ = {isa = PBXBuildFile; fileRef = BD9EC94D28DE478300B803D7 /* AppDelegate.swift */; };
		BD9EC95028DE478300B803D7 /* SceneDelegate.swift in Sources */ = {isa = PBXBuildFile; fileRef = BD9EC94F28DE478300B803D7 /* SceneDelegate.swift */; };
		BD9EC95228DE478300B803D7 /* MainTabBarViewController.swift in Sources */ = {isa = PBXBuildFile; fileRef = BD9EC95128DE478300B803D7 /* MainTabBarViewController.swift */; };
		BD9EC95728DE478400B803D7 /* Assets.xcassets in Resources */ = {isa = PBXBuildFile; fileRef = BD9EC95628DE478400B803D7 /* Assets.xcassets */; };
		BD9EC95A28DE478400B803D7 /* LaunchScreen.storyboard in Resources */ = {isa = PBXBuildFile; fileRef = BD9EC95828DE478400B803D7 /* LaunchScreen.storyboard */; };
		BD9EC96328DE553B00B803D7 /* ReminderListViewController.swift in Sources */ = {isa = PBXBuildFile; fileRef = BD9EC96228DE553B00B803D7 /* ReminderListViewController.swift */; };
		BD9EC96528DE55AD00B803D7 /* SettingListViewController.swift in Sources */ = {isa = PBXBuildFile; fileRef = BD9EC96428DE55AD00B803D7 /* SettingListViewController.swift */; };
		BD9EC96828DF520400B803D7 /* Reminder.swift in Sources */ = {isa = PBXBuildFile; fileRef = BD9EC96728DF520400B803D7 /* Reminder.swift */; };
/* End PBXBuildFile section */

/* Begin PBXFileReference section */
		BD0CAD9128E1CF81007D2EF7 /* UIColor+JustThree.swift */ = {isa = PBXFileReference; lastKnownFileType = sourcecode.swift; path = "UIColor+JustThree.swift"; sourceTree = "<group>"; };
		BD0CAD9328E1D0FC007D2EF7 /* ReminderListViewController+DataSource.swift */ = {isa = PBXFileReference; lastKnownFileType = sourcecode.swift; path = "ReminderListViewController+DataSource.swift"; sourceTree = "<group>"; };
		BD0CAD9628E1DA65007D2EF7 /* ReminderDoneButton.swift */ = {isa = PBXFileReference; lastKnownFileType = sourcecode.swift; path = ReminderDoneButton.swift; sourceTree = "<group>"; };
		BD0CAD9828E1DAC7007D2EF7 /* ReminderListViewController+Actions.swift */ = {isa = PBXFileReference; lastKnownFileType = sourcecode.swift; path = "ReminderListViewController+Actions.swift"; sourceTree = "<group>"; };
		BD0CAD9C28E1E2A2007D2EF7 /* ReminderViewController.swift */ = {isa = PBXFileReference; lastKnownFileType = sourcecode.swift; path = ReminderViewController.swift; sourceTree = "<group>"; };
		BD0CAD9E28E1E3C6007D2EF7 /* ReminderViewController+Row.swift */ = {isa = PBXFileReference; lastKnownFileType = sourcecode.swift; path = "ReminderViewController+Row.swift"; sourceTree = "<group>"; };
		BD0CADA028E231D6007D2EF7 /* ReminderViewController+Section.swift */ = {isa = PBXFileReference; lastKnownFileType = sourcecode.swift; path = "ReminderViewController+Section.swift"; sourceTree = "<group>"; };
		BD0CADA228E23BD7007D2EF7 /* ReminderViewController+CellConfiguration.swift */ = {isa = PBXFileReference; lastKnownFileType = sourcecode.swift; path = "ReminderViewController+CellConfiguration.swift"; sourceTree = "<group>"; };
		BD0CADA528E23DF7007D2EF7 /* UIView+PinnedSubview.swift */ = {isa = PBXFileReference; lastKnownFileType = sourcecode.swift; path = "UIView+PinnedSubview.swift"; sourceTree = "<group>"; };
		BD0CADA928E23FE1007D2EF7 /* TextFieldContentView.swift */ = {isa = PBXFileReference; lastKnownFileType = sourcecode.swift; path = TextFieldContentView.swift; sourceTree = "<group>"; };
		BD0CADAB28E240A2007D2EF7 /* UIContentConfiguration+Stateless.swift */ = {isa = PBXFileReference; lastKnownFileType = sourcecode.swift; path = "UIContentConfiguration+Stateless.swift"; sourceTree = "<group>"; };
		BD0CADAD28E380AC007D2EF7 /* TextViewContentView.swift */ = {isa = PBXFileReference; lastKnownFileType = sourcecode.swift; path = TextViewContentView.swift; sourceTree = "<group>"; };
		BD0CADAF28E38591007D2EF7 /* DatePickerContentView.swift */ = {isa = PBXFileReference; lastKnownFileType = sourcecode.swift; path = DatePickerContentView.swift; sourceTree = "<group>"; };
		BD559CB528DF624500625B82 /* Date+TextFormat.swift */ = {isa = PBXFileReference; lastKnownFileType = sourcecode.swift; path = "Date+TextFormat.swift"; sourceTree = "<group>"; };
		BD8DBE3428E4EBCC00718F85 /* ReminderViewController+DataSource.swift */ = {isa = PBXFileReference; lastKnownFileType = sourcecode.swift; path = "ReminderViewController+DataSource.swift"; sourceTree = "<group>"; };
		BD8DBE3628E5E6C400718F85 /* ReminderListStyle.swift */ = {isa = PBXFileReference; lastKnownFileType = sourcecode.swift; path = ReminderListStyle.swift; sourceTree = "<group>"; };
		BD8DBE3828E617C200718F85 /* ProgressHeaderView.swift */ = {isa = PBXFileReference; lastKnownFileType = sourcecode.swift; path = ProgressHeaderView.swift; sourceTree = "<group>"; };
		BD9EC94A28DE478300B803D7 /* JustThree.app */ = {isa = PBXFileReference; explicitFileType = wrapper.application; includeInIndex = 0; path = JustThree.app; sourceTree = BUILT_PRODUCTS_DIR; };
		BD9EC94D28DE478300B803D7 /* AppDelegate.swift */ = {isa = PBXFileReference; lastKnownFileType = sourcecode.swift; path = AppDelegate.swift; sourceTree = "<group>"; };
		BD9EC94F28DE478300B803D7 /* SceneDelegate.swift */ = {isa = PBXFileReference; lastKnownFileType = sourcecode.swift; path = SceneDelegate.swift; sourceTree = "<group>"; };
		BD9EC95128DE478300B803D7 /* MainTabBarViewController.swift */ = {isa = PBXFileReference; lastKnownFileType = sourcecode.swift; path = MainTabBarViewController.swift; sourceTree = "<group>"; };
		BD9EC95628DE478400B803D7 /* Assets.xcassets */ = {isa = PBXFileReference; lastKnownFileType = folder.assetcatalog; path = Assets.xcassets; sourceTree = "<group>"; };
		BD9EC95928DE478400B803D7 /* Base */ = {isa = PBXFileReference; lastKnownFileType = file.storyboard; name = Base; path = Base.lproj/LaunchScreen.storyboard; sourceTree = "<group>"; };
		BD9EC95B28DE478400B803D7 /* Info.plist */ = {isa = PBXFileReference; lastKnownFileType = text.plist.xml; path = Info.plist; sourceTree = "<group>"; };
		BD9EC96128DE4B6B00B803D7 /* README.md */ = {isa = PBXFileReference; lastKnownFileType = net.daringfireball.markdown; path = README.md; sourceTree = "<group>"; };
		BD9EC96228DE553B00B803D7 /* ReminderListViewController.swift */ = {isa = PBXFileReference; lastKnownFileType = sourcecode.swift; path = ReminderListViewController.swift; sourceTree = "<group>"; };
		BD9EC96428DE55AD00B803D7 /* SettingListViewController.swift */ = {isa = PBXFileReference; lastKnownFileType = sourcecode.swift; path = SettingListViewController.swift; sourceTree = "<group>"; };
		BD9EC96728DF520400B803D7 /* Reminder.swift */ = {isa = PBXFileReference; lastKnownFileType = sourcecode.swift; path = Reminder.swift; sourceTree = "<group>"; };
/* End PBXFileReference section */

/* Begin PBXFrameworksBuildPhase section */
		BD9EC94728DE478300B803D7 /* Frameworks */ = {
			isa = PBXFrameworksBuildPhase;
			buildActionMask = 2147483647;
			files = (
			);
			runOnlyForDeploymentPostprocessing = 0;
		};
/* End PBXFrameworksBuildPhase section */

/* Begin PBXGroup section */
		BD0CAD9028E1CF2E007D2EF7 /* ViewController */ = {
			isa = PBXGroup;
			children = (
				BD9EC95128DE478300B803D7 /* MainTabBarViewController.swift */,
				BD9EC96428DE55AD00B803D7 /* SettingListViewController.swift */,
				BD0CAD9A28E1E20F007D2EF7 /* ReminderListVIewController */,
				BD0CAD9B28E1E25A007D2EF7 /* ReminderViewController */,
			);
			path = ViewController;
			sourceTree = "<group>";
		};
		BD0CAD9A28E1E20F007D2EF7 /* ReminderListVIewController */ = {
			isa = PBXGroup;
			children = (
				BD9EC96228DE553B00B803D7 /* ReminderListViewController.swift */,
				BD0CAD9328E1D0FC007D2EF7 /* ReminderListViewController+DataSource.swift */,
				BD0CAD9828E1DAC7007D2EF7 /* ReminderListViewController+Actions.swift */,
				BD0CAD9628E1DA65007D2EF7 /* ReminderDoneButton.swift */,
				BD8DBE3828E617C200718F85 /* ProgressHeaderView.swift */,
			);
			path = ReminderListVIewController;
			sourceTree = "<group>";
		};
		BD0CAD9B28E1E25A007D2EF7 /* ReminderViewController */ = {
			isa = PBXGroup;
			children = (
				BD0CAD9C28E1E2A2007D2EF7 /* ReminderViewController.swift */,
				BD8DBE3428E4EBCC00718F85 /* ReminderViewController+DataSource.swift */,
				BD0CAD9E28E1E3C6007D2EF7 /* ReminderViewController+Row.swift */,
				BD0CADA028E231D6007D2EF7 /* ReminderViewController+Section.swift */,
				BD0CADA228E23BD7007D2EF7 /* ReminderViewController+CellConfiguration.swift */,
			);
			path = ReminderViewController;
			sourceTree = "<group>";
		};
		BD0CADA428E23DCD007D2EF7 /* ContentViews */ = {
			isa = PBXGroup;
			children = (
				BD0CADA528E23DF7007D2EF7 /* UIView+PinnedSubview.swift */,
				BD0CADAB28E240A2007D2EF7 /* UIContentConfiguration+Stateless.swift */,
				BD0CADA928E23FE1007D2EF7 /* TextFieldContentView.swift */,
				BD0CADAD28E380AC007D2EF7 /* TextViewContentView.swift */,
				BD0CADAF28E38591007D2EF7 /* DatePickerContentView.swift */,
			);
			path = ContentViews;
			sourceTree = "<group>";
		};
		BD9EC94128DE478300B803D7 = {
			isa = PBXGroup;
			children = (
				BD9EC96128DE4B6B00B803D7 /* README.md */,
				BD9EC94C28DE478300B803D7 /* JustThree */,
				BD9EC94B28DE478300B803D7 /* Products */,
			);
			sourceTree = "<group>";
		};
		BD9EC94B28DE478300B803D7 /* Products */ = {
			isa = PBXGroup;
			children = (
				BD9EC94A28DE478300B803D7 /* JustThree.app */,
			);
			name = Products;
			sourceTree = "<group>";
		};
		BD9EC94C28DE478300B803D7 /* JustThree */ = {
			isa = PBXGroup;
			children = (
				BD9EC96628DF51EF00B803D7 /* Models */,
				BD0CADA428E23DCD007D2EF7 /* ContentViews */,
				BD0CAD9028E1CF2E007D2EF7 /* ViewController */,
				BD9EC94D28DE478300B803D7 /* AppDelegate.swift */,
				BD9EC94F28DE478300B803D7 /* SceneDelegate.swift */,
				BD9EC95628DE478400B803D7 /* Assets.xcassets */,
				BD9EC95828DE478400B803D7 /* LaunchScreen.storyboard */,
				BD9EC95B28DE478400B803D7 /* Info.plist */,
			);
			path = JustThree;
			sourceTree = "<group>";
		};
		BD9EC96628DF51EF00B803D7 /* Models */ = {
			isa = PBXGroup;
			children = (
				BD9EC96728DF520400B803D7 /* Reminder.swift */,
				BD559CB528DF624500625B82 /* Date+TextFormat.swift */,
				BD0CAD9128E1CF81007D2EF7 /* UIColor+JustThree.swift */,
				BD8DBE3628E5E6C400718F85 /* ReminderListStyle.swift */,
			);
			path = Models;
			sourceTree = "<group>";
		};
/* End PBXGroup section */

/* Begin PBXNativeTarget section */
		BD9EC94928DE478300B803D7 /* JustThree */ = {
			isa = PBXNativeTarget;
			buildConfigurationList = BD9EC95E28DE478400B803D7 /* Build configuration list for PBXNativeTarget "JustThree" */;
			buildPhases = (
				BD9EC94628DE478300B803D7 /* Sources */,
				BD9EC94728DE478300B803D7 /* Frameworks */,
				BD9EC94828DE478300B803D7 /* Resources */,
			);
			buildRules = (
			);
			dependencies = (
			);
			name = JustThree;
			productName = JustThree;
			productReference = BD9EC94A28DE478300B803D7 /* JustThree.app */;
			productType = "com.apple.product-type.application";
		};
/* End PBXNativeTarget section */

/* Begin PBXProject section */
		BD9EC94228DE478300B803D7 /* Project object */ = {
			isa = PBXProject;
			attributes = {
				BuildIndependentTargetsInParallel = 1;
				LastSwiftUpdateCheck = 1400;
				LastUpgradeCheck = 1400;
				TargetAttributes = {
					BD9EC94928DE478300B803D7 = {
						CreatedOnToolsVersion = 14.0;
					};
				};
			};
			buildConfigurationList = BD9EC94528DE478300B803D7 /* Build configuration list for PBXProject "JustThree" */;
			compatibilityVersion = "Xcode 14.0";
			developmentRegion = en;
			hasScannedForEncodings = 0;
			knownRegions = (
				en,
				Base,
			);
			mainGroup = BD9EC94128DE478300B803D7;
			productRefGroup = BD9EC94B28DE478300B803D7 /* Products */;
			projectDirPath = "";
			projectRoot = "";
			targets = (
				BD9EC94928DE478300B803D7 /* JustThree */,
			);
		};
/* End PBXProject section */

/* Begin PBXResourcesBuildPhase section */
		BD9EC94828DE478300B803D7 /* Resources */ = {
			isa = PBXResourcesBuildPhase;
			buildActionMask = 2147483647;
			files = (
				BD9EC95A28DE478400B803D7 /* LaunchScreen.storyboard in Resources */,
				BD9EC95728DE478400B803D7 /* Assets.xcassets in Resources */,
			);
			runOnlyForDeploymentPostprocessing = 0;
		};
/* End PBXResourcesBuildPhase section */

/* Begin PBXSourcesBuildPhase section */
		BD9EC94628DE478300B803D7 /* Sources */ = {
			isa = PBXSourcesBuildPhase;
			buildActionMask = 2147483647;
			files = (
				BD0CADA128E231D6007D2EF7 /* ReminderViewController+Section.swift in Sources */,
				BD0CAD9228E1CF81007D2EF7 /* UIColor+JustThree.swift in Sources */,
				BD559CB628DF624500625B82 /* Date+TextFormat.swift in Sources */,
				BD8DBE3528E4EBCD00718F85 /* ReminderViewController+DataSource.swift in Sources */,
				BD0CAD9428E1D0FC007D2EF7 /* ReminderListViewController+DataSource.swift in Sources */,
				BD9EC96528DE55AD00B803D7 /* SettingListViewController.swift in Sources */,
				BD0CADAC28E240A2007D2EF7 /* UIContentConfiguration+Stateless.swift in Sources */,
				BD0CADA328E23BD7007D2EF7 /* ReminderViewController+CellConfiguration.swift in Sources */,
				BD9EC96328DE553B00B803D7 /* ReminderListViewController.swift in Sources */,
				BD9EC95228DE478300B803D7 /* MainTabBarViewController.swift in Sources */,
				BD0CADAE28E380AC007D2EF7 /* TextViewContentView.swift in Sources */,
				BD8DBE3728E5E6C400718F85 /* ReminderListStyle.swift in Sources */,
				BD9EC96828DF520400B803D7 /* Reminder.swift in Sources */,
				BD0CAD9728E1DA65007D2EF7 /* ReminderDoneButton.swift in Sources */,
				BD0CADAA28E23FE1007D2EF7 /* TextFieldContentView.swift in Sources */,
				BD0CAD9D28E1E2A2007D2EF7 /* ReminderViewController.swift in Sources */,
				BD0CAD9F28E1E3C6007D2EF7 /* ReminderViewController+Row.swift in Sources */,
				BD0CADA628E23DF7007D2EF7 /* UIView+PinnedSubview.swift in Sources */,
				BD8DBE3928E617C200718F85 /* ProgressHeaderView.swift in Sources */,
				BD0CADB028E38591007D2EF7 /* DatePickerContentView.swift in Sources */,
				BD0CAD9928E1DAC7007D2EF7 /* ReminderListViewController+Actions.swift in Sources */,
				BD9EC94E28DE478300B803D7 /* AppDelegate.swift in Sources */,
				BD9EC95028DE478300B803D7 /* SceneDelegate.swift in Sources */,
			);
			runOnlyForDeploymentPostprocessing = 0;
		};
/* End PBXSourcesBuildPhase section */

/* Begin PBXVariantGroup section */
		BD9EC95828DE478400B803D7 /* LaunchScreen.storyboard */ = {
			isa = PBXVariantGroup;
			children = (
				BD9EC95928DE478400B803D7 /* Base */,
			);
			name = LaunchScreen.storyboard;
			sourceTree = "<group>";
		};
/* End PBXVariantGroup section */

/* Begin XCBuildConfiguration section */
		BD9EC95C28DE478400B803D7 /* Debug */ = {
			isa = XCBuildConfiguration;
			buildSettings = {
				ALWAYS_SEARCH_USER_PATHS = NO;
				CLANG_ANALYZER_NONNULL = YES;
				CLANG_ANALYZER_NUMBER_OBJECT_CONVERSION = YES_AGGRESSIVE;
				CLANG_CXX_LANGUAGE_STANDARD = "gnu++20";
				CLANG_ENABLE_MODULES = YES;
				CLANG_ENABLE_OBJC_ARC = YES;
				CLANG_ENABLE_OBJC_WEAK = YES;
				CLANG_WARN_BLOCK_CAPTURE_AUTORELEASING = YES;
				CLANG_WARN_BOOL_CONVERSION = YES;
				CLANG_WARN_COMMA = YES;
				CLANG_WARN_CONSTANT_CONVERSION = YES;
				CLANG_WARN_DEPRECATED_OBJC_IMPLEMENTATIONS = YES;
				CLANG_WARN_DIRECT_OBJC_ISA_USAGE = YES_ERROR;
				CLANG_WARN_DOCUMENTATION_COMMENTS = YES;
				CLANG_WARN_EMPTY_BODY = YES;
				CLANG_WARN_ENUM_CONVERSION = YES;
				CLANG_WARN_INFINITE_RECURSION = YES;
				CLANG_WARN_INT_CONVERSION = YES;
				CLANG_WARN_NON_LITERAL_NULL_CONVERSION = YES;
				CLANG_WARN_OBJC_IMPLICIT_RETAIN_SELF = YES;
				CLANG_WARN_OBJC_LITERAL_CONVERSION = YES;
				CLANG_WARN_OBJC_ROOT_CLASS = YES_ERROR;
				CLANG_WARN_QUOTED_INCLUDE_IN_FRAMEWORK_HEADER = YES;
				CLANG_WARN_RANGE_LOOP_ANALYSIS = YES;
				CLANG_WARN_STRICT_PROTOTYPES = YES;
				CLANG_WARN_SUSPICIOUS_MOVE = YES;
				CLANG_WARN_UNGUARDED_AVAILABILITY = YES_AGGRESSIVE;
				CLANG_WARN_UNREACHABLE_CODE = YES;
				CLANG_WARN__DUPLICATE_METHOD_MATCH = YES;
				COPY_PHASE_STRIP = NO;
				DEBUG_INFORMATION_FORMAT = dwarf;
				ENABLE_STRICT_OBJC_MSGSEND = YES;
				ENABLE_TESTABILITY = YES;
				GCC_C_LANGUAGE_STANDARD = gnu11;
				GCC_DYNAMIC_NO_PIC = NO;
				GCC_NO_COMMON_BLOCKS = YES;
				GCC_OPTIMIZATION_LEVEL = 0;
				GCC_PREPROCESSOR_DEFINITIONS = (
					"DEBUG=1",
					"$(inherited)",
				);
				GCC_WARN_64_TO_32_BIT_CONVERSION = YES;
				GCC_WARN_ABOUT_RETURN_TYPE = YES_ERROR;
				GCC_WARN_UNDECLARED_SELECTOR = YES;
				GCC_WARN_UNINITIALIZED_AUTOS = YES_AGGRESSIVE;
				GCC_WARN_UNUSED_FUNCTION = YES;
				GCC_WARN_UNUSED_VARIABLE = YES;
				IPHONEOS_DEPLOYMENT_TARGET = 16.0;
				MTL_ENABLE_DEBUG_INFO = INCLUDE_SOURCE;
				MTL_FAST_MATH = YES;
				ONLY_ACTIVE_ARCH = YES;
				SDKROOT = iphoneos;
				SWIFT_ACTIVE_COMPILATION_CONDITIONS = DEBUG;
				SWIFT_OPTIMIZATION_LEVEL = "-Onone";
			};
			name = Debug;
		};
		BD9EC95D28DE478400B803D7 /* Release */ = {
			isa = XCBuildConfiguration;
			buildSettings = {
				ALWAYS_SEARCH_USER_PATHS = NO;
				CLANG_ANALYZER_NONNULL = YES;
				CLANG_ANALYZER_NUMBER_OBJECT_CONVERSION = YES_AGGRESSIVE;
				CLANG_CXX_LANGUAGE_STANDARD = "gnu++20";
				CLANG_ENABLE_MODULES = YES;
				CLANG_ENABLE_OBJC_ARC = YES;
				CLANG_ENABLE_OBJC_WEAK = YES;
				CLANG_WARN_BLOCK_CAPTURE_AUTORELEASING = YES;
				CLANG_WARN_BOOL_CONVERSION = YES;
				CLANG_WARN_COMMA = YES;
				CLANG_WARN_CONSTANT_CONVERSION = YES;
				CLANG_WARN_DEPRECATED_OBJC_IMPLEMENTATIONS = YES;
				CLANG_WARN_DIRECT_OBJC_ISA_USAGE = YES_ERROR;
				CLANG_WARN_DOCUMENTATION_COMMENTS = YES;
				CLANG_WARN_EMPTY_BODY = YES;
				CLANG_WARN_ENUM_CONVERSION = YES;
				CLANG_WARN_INFINITE_RECURSION = YES;
				CLANG_WARN_INT_CONVERSION = YES;
				CLANG_WARN_NON_LITERAL_NULL_CONVERSION = YES;
				CLANG_WARN_OBJC_IMPLICIT_RETAIN_SELF = YES;
				CLANG_WARN_OBJC_LITERAL_CONVERSION = YES;
				CLANG_WARN_OBJC_ROOT_CLASS = YES_ERROR;
				CLANG_WARN_QUOTED_INCLUDE_IN_FRAMEWORK_HEADER = YES;
				CLANG_WARN_RANGE_LOOP_ANALYSIS = YES;
				CLANG_WARN_STRICT_PROTOTYPES = YES;
				CLANG_WARN_SUSPICIOUS_MOVE = YES;
				CLANG_WARN_UNGUARDED_AVAILABILITY = YES_AGGRESSIVE;
				CLANG_WARN_UNREACHABLE_CODE = YES;
				CLANG_WARN__DUPLICATE_METHOD_MATCH = YES;
				COPY_PHASE_STRIP = NO;
				DEBUG_INFORMATION_FORMAT = "dwarf-with-dsym";
				ENABLE_NS_ASSERTIONS = NO;
				ENABLE_STRICT_OBJC_MSGSEND = YES;
				GCC_C_LANGUAGE_STANDARD = gnu11;
				GCC_NO_COMMON_BLOCKS = YES;
				GCC_WARN_64_TO_32_BIT_CONVERSION = YES;
				GCC_WARN_ABOUT_RETURN_TYPE = YES_ERROR;
				GCC_WARN_UNDECLARED_SELECTOR = YES;
				GCC_WARN_UNINITIALIZED_AUTOS = YES_AGGRESSIVE;
				GCC_WARN_UNUSED_FUNCTION = YES;
				GCC_WARN_UNUSED_VARIABLE = YES;
				IPHONEOS_DEPLOYMENT_TARGET = 16.0;
				MTL_ENABLE_DEBUG_INFO = NO;
				MTL_FAST_MATH = YES;
				SDKROOT = iphoneos;
				SWIFT_COMPILATION_MODE = wholemodule;
				SWIFT_OPTIMIZATION_LEVEL = "-O";
				VALIDATE_PRODUCT = YES;
			};
			name = Release;
		};
		BD9EC95F28DE478400B803D7 /* Debug */ = {
			isa = XCBuildConfiguration;
			buildSettings = {
				ASSETCATALOG_COMPILER_APPICON_NAME = AppIcon;
				ASSETCATALOG_COMPILER_GLOBAL_ACCENT_COLOR_NAME = AccentColor;
				CODE_SIGN_STYLE = Automatic;
				CURRENT_PROJECT_VERSION = 1;
				DEVELOPMENT_TEAM = LL863NAQHT;
				GENERATE_INFOPLIST_FILE = YES;
				INFOPLIST_FILE = JustThree/Info.plist;
				INFOPLIST_KEY_LSApplicationCategoryType = "public.app-category.productivity";
				INFOPLIST_KEY_UIApplicationSupportsIndirectInputEvents = YES;
				INFOPLIST_KEY_UILaunchStoryboardName = LaunchScreen;
				INFOPLIST_KEY_UISupportedInterfaceOrientations = UIInterfaceOrientationPortrait;
				INFOPLIST_KEY_UISupportedInterfaceOrientations_iPad = "UIInterfaceOrientationLandscapeLeft UIInterfaceOrientationLandscapeRight UIInterfaceOrientationPortrait UIInterfaceOrientationPortraitUpsideDown";
				IPHONEOS_DEPLOYMENT_TARGET = 15.0;
				LD_RUNPATH_SEARCH_PATHS = (
					"$(inherited)",
					"@executable_path/Frameworks",
				);
				MARKETING_VERSION = 1.0;
				PRODUCT_BUNDLE_IDENTIFIER = com.sanghun.JustThree;
				PRODUCT_NAME = "$(TARGET_NAME)";
				SWIFT_EMIT_LOC_STRINGS = YES;
				SWIFT_VERSION = 5.0;
				TARGETED_DEVICE_FAMILY = "1,2";
			};
			name = Debug;
		};
		BD9EC96028DE478400B803D7 /* Release */ = {
			isa = XCBuildConfiguration;
			buildSettings = {
				ASSETCATALOG_COMPILER_APPICON_NAME = AppIcon;
				ASSETCATALOG_COMPILER_GLOBAL_ACCENT_COLOR_NAME = AccentColor;
				CODE_SIGN_STYLE = Automatic;
				CURRENT_PROJECT_VERSION = 1;
				DEVELOPMENT_TEAM = LL863NAQHT;
				GENERATE_INFOPLIST_FILE = YES;
				INFOPLIST_FILE = JustThree/Info.plist;
				INFOPLIST_KEY_LSApplicationCategoryType = "public.app-category.productivity";
				INFOPLIST_KEY_UIApplicationSupportsIndirectInputEvents = YES;
				INFOPLIST_KEY_UILaunchStoryboardName = LaunchScreen;
				INFOPLIST_KEY_UISupportedInterfaceOrientations = UIInterfaceOrientationPortrait;
				INFOPLIST_KEY_UISupportedInterfaceOrientations_iPad = "UIInterfaceOrientationLandscapeLeft UIInterfaceOrientationLandscapeRight UIInterfaceOrientationPortrait UIInterfaceOrientationPortraitUpsideDown";
				IPHONEOS_DEPLOYMENT_TARGET = 15.0;
				LD_RUNPATH_SEARCH_PATHS = (
					"$(inherited)",
					"@executable_path/Frameworks",
				);
				MARKETING_VERSION = 1.0;
				PRODUCT_BUNDLE_IDENTIFIER = com.sanghun.JustThree;
				PRODUCT_NAME = "$(TARGET_NAME)";
				SWIFT_EMIT_LOC_STRINGS = YES;
				SWIFT_VERSION = 5.0;
				TARGETED_DEVICE_FAMILY = "1,2";
			};
			name = Release;
		};
/* End XCBuildConfiguration section */

/* Begin XCConfigurationList section */
		BD9EC94528DE478300B803D7 /* Build configuration list for PBXProject "JustThree" */ = {
			isa = XCConfigurationList;
			buildConfigurations = (
				BD9EC95C28DE478400B803D7 /* Debug */,
				BD9EC95D28DE478400B803D7 /* Release */,
			);
			defaultConfigurationIsVisible = 0;
			defaultConfigurationName = Release;
		};
		BD9EC95E28DE478400B803D7 /* Build configuration list for PBXNativeTarget "JustThree" */ = {
			isa = XCConfigurationList;
			buildConfigurations = (
				BD9EC95F28DE478400B803D7 /* Debug */,
				BD9EC96028DE478400B803D7 /* Release */,
			);
			defaultConfigurationIsVisible = 0;
			defaultConfigurationName = Release;
		};
/* End XCConfigurationList section */
	};
	rootObject = BD9EC94228DE478300B803D7 /* Project object */;
}
